
Microsoft Visual Studio Solution File, Format Version 12.00
# Visual Studio 2013
VisualStudioVersion = 12.0.30723.0
MinimumVisualStudioVersion = 10.0.40219.1
Project("{FAE04EC0-301F-11D3-BF4B-00C04F79EFBC}") = "Relatorio", "Relatorio.csproj", "{FDDD598D-129B-44D3-82F2-3E76A68B8A83}"
EndProject
Global
	GlobalSection(SolutionConfigurationPlatforms) = preSolution
		Debug|Any CPU = Debug|Any CPU
		Release|Any CPU = Release|Any CPU
	EndGlobalSection
	GlobalSection(ProjectConfigurationPlatforms) = postSolution
		{FDDD598D-129B-44D3-82F2-3E76A68B8A83}.Debug|Any CPU.ActiveCfg = Debug|Any CPU
		{FDDD598D-129B-44D3-82F2-3E76A68B8A83}.Debug|Any CPU.Build.0 = Debug|Any CPU
		{FDDD598D-129B-44D3-82F2-3E76A68B8A83}.Release|Any CPU.ActiveCfg = Release|Any CPU
		{FDDD598D-129B-44D3-82F2-3E76A68B8A83}.Release|Any CPU.Build.0 = Release|Any CPU
	EndGlobalSection
	GlobalSection(SolutionProperties) = preSolution
		HideSolutionNode = FALSE
	EndGlobalSection
EndGlobal
